
Microsoft Visual Studio Solution File, Format Version 12.00
# Visual Studio Version 17
VisualStudioVersion = 17.6.33829.357
MinimumVisualStudioVersion = 10.0.40219.1
Project("{FAE04EC0-301F-11D3-BF4B-00C04F79EFBC}") = "LibraryManagement", "LibraryManagement.csproj", "{6EC83192-6408-4179-B6B4-996E6CFF4110}"
EndProject
Global
	GlobalSection(SolutionConfigurationPlatforms) = preSolution
		Debug|Any CPU = Debug|Any CPU
		Release|Any CPU = Release|Any CPU
	EndGlobalSection
	GlobalSection(ProjectConfigurationPlatforms) = postSolution
		{6EC83192-6408-4179-B6B4-996E6CFF4110}.Debug|Any CPU.ActiveCfg = Debug|Any CPU
		{6EC83192-6408-4179-B6B4-996E6CFF4110}.Debug|Any CPU.Build.0 = Debug|Any CPU
		{6EC83192-6408-4179-B6B4-996E6CFF4110}.Release|Any CPU.ActiveCfg = Release|Any CPU
		{6EC83192-6408-4179-B6B4-996E6CFF4110}.Release|Any CPU.Build.0 = Release|Any CPU
	EndGlobalSection
	GlobalSection(SolutionProperties) = preSolution
		HideSolutionNode = FALSE
	EndGlobalSection
	GlobalSection(ExtensibilityGlobals) = postSolution
		SolutionGuid = {32D75FA2-B05A-4B45-9701-8DA7026C0161}
	EndGlobalSection
EndGlobal
